
Microsoft Visual Studio Solution File, Format Version 12.00
# Visual Studio 2015
Project("{FAE04EC0-301F-11D3-BF4B-00C04F79EFBC}") = "AppDown - Current - Copy_1.1.2.1.CSharp", "AppDown - Current - Copy_1.1.2.1.CSharp.csproj", "{FB7CAB1E-298D-A482-4A93-6E3198D75C2A}"
EndProject
Global
	GlobalSection(SolutionConfigurationPlatforms) = preSolution
		Debug|Any CPU = Debug|Any CPU
		Release|Any CPU = Release|Any CPU
	EndGlobalSection
	GlobalSection(ProjectConfigurationPlatforms) = postSolution
		{FB7CAB1E-298D-A482-4A93-6E3198D75C2A}.Debug|Any CPU.ActiveCfg = Debug|Any CPU
		{FB7CAB1E-298D-A482-4A93-6E3198D75C2A}.Debug|Any CPU.Build.0 = Debug|Any CPU
		{FB7CAB1E-298D-A482-4A93-6E3198D75C2A}.Release|Any CPU.ActiveCfg = Release|Any CPU
		{FB7CAB1E-298D-A482-4A93-6E3198D75C2A}.Release|Any CPU.Build.0 = Release|Any CPU
	EndGlobalSection
	GlobalSection(SolutionProperties) = preSolution
		HideSolutionNode = FALSE
	EndGlobalSection
EndGlobal
